// !$*UTF8*$!
{
	archiveVersion = 1;
	classes = {
	};
	objectVersion = 46;
	objects = {

/* Begin PBXBuildFile section */
		9D5376691E6626A0006A3336 /* AppDelegate.swift in Sources */ = {isa = PBXBuildFile; fileRef = 9D5376681E6626A0006A3336 /* AppDelegate.swift */; };
		9D53766E1E6626A0006A3336 /* Main.storyboard in Resources */ = {isa = PBXBuildFile; fileRef = 9D53766C1E6626A0006A3336 /* Main.storyboard */; };
		9D5376701E6626A0006A3336 /* Assets.xcassets in Resources */ = {isa = PBXBuildFile; fileRef = 9D53766F1E6626A0006A3336 /* Assets.xcassets */; };
		9D5376731E6626A0006A3336 /* LaunchScreen.storyboard in Resources */ = {isa = PBXBuildFile; fileRef = 9D5376711E6626A0006A3336 /* LaunchScreen.storyboard */; };
		9D53767B1E6626B7006A3336 /* TableViewController.swift in Sources */ = {isa = PBXBuildFile; fileRef = 9D53767A1E6626B7006A3336 /* TableViewController.swift */; };
		9D5376A01E6E0DDA006A3336 /* apple.png in Resources */ = {isa = PBXBuildFile; fileRef = 9D53769F1E6E0DDA006A3336 /* apple.png */; };
		9D5376A21E6E0DE0006A3336 /* swift.png in Resources */ = {isa = PBXBuildFile; fileRef = 9D5376A11E6E0DE0006A3336 /* swift.png */; };
		9D5376A41E6E0FF5006A3336 /* ImageViewController.swift in Sources */ = {isa = PBXBuildFile; fileRef = 9D5376A31E6E0FF5006A3336 /* ImageViewController.swift */; };
/* End PBXBuildFile section */

/* Begin PBXFileReference section */
		9D5376651E6626A0006A3336 /* Animating Details with Peek and Pop.app */ = {isa = PBXFileReference; explicitFileType = wrapper.application; includeInIndex = 0; path = "Animating Details with Peek and Pop.app"; sourceTree = BUILT_PRODUCTS_DIR; };
		9D5376681E6626A0006A3336 /* AppDelegate.swift */ = {isa = PBXFileReference; lastKnownFileType = sourcecode.swift; path = AppDelegate.swift; sourceTree = "<group>"; };
		9D53766D1E6626A0006A3336 /* Base */ = {isa = PBXFileReference; lastKnownFileType = file.storyboard; name = Base; path = Base.lproj/Main.storyboard; sourceTree = "<group>"; };
		9D53766F1E6626A0006A3336 /* Assets.xcassets */ = {isa = PBXFileReference; lastKnownFileType = folder.assetcatalog; path = Assets.xcassets; sourceTree = "<group>"; };
		9D5376721E6626A0006A3336 /* Base */ = {isa = PBXFileReference; lastKnownFileType = file.storyboard; name = Base; path = Base.lproj/LaunchScreen.storyboard; sourceTree = "<group>"; };
		9D5376741E6626A0006A3336 /* Info.plist */ = {isa = PBXFileReference; lastKnownFileType = text.plist.xml; path = Info.plist; sourceTree = "<group>"; };
		9D53767A1E6626B7006A3336 /* TableViewController.swift */ = {isa = PBXFileReference; fileEncoding = 4; lastKnownFileType = sourcecode.swift; path = TableViewController.swift; sourceTree = "<group>"; };
		9D53769F1E6E0DDA006A3336 /* apple.png */ = {isa = PBXFileReference; lastKnownFileType = image.png; path = apple.png; sourceTree = "<group>"; };
		9D5376A11E6E0DE0006A3336 /* swift.png */ = {isa = PBXFileReference; lastKnownFileType = image.png; path = swift.png; sourceTree = "<group>"; };
		9D5376A31E6E0FF5006A3336 /* ImageViewController.swift */ = {isa = PBXFileReference; fileEncoding = 4; lastKnownFileType = sourcecode.swift; path = ImageViewController.swift; sourceTree = "<group>"; };
/* End PBXFileReference section */

/* Begin PBXFrameworksBuildPhase section */
		9D5376621E6626A0006A3336 /* Frameworks */ = {
			isa = PBXFrameworksBuildPhase;
			buildActionMask = 2147483647;
			files = (
			);
			runOnlyForDeploymentPostprocessing = 0;
		};
/* End PBXFrameworksBuildPhase section */

/* Begin PBXGroup section */
		9D53765C1E6626A0006A3336 = {
			isa = PBXGroup;
			children = (
				9D5376671E6626A0006A3336 /* Animating Details with Peek and Pop */,
				9D5376661E6626A0006A3336 /* Products */,
			);
			sourceTree = "<group>";
		};
		9D5376661E6626A0006A3336 /* Products */ = {
			isa = PBXGroup;
			children = (
				9D5376651E6626A0006A3336 /* Animating Details with Peek and Pop.app */,
			);
			name = Products;
			sourceTree = "<group>";
		};
		9D5376671E6626A0006A3336 /* Animating Details with Peek and Pop */ = {
			isa = PBXGroup;
			children = (
				9D5376A11E6E0DE0006A3336 /* swift.png */,
				9D53769F1E6E0DDA006A3336 /* apple.png */,
				9D5376681E6626A0006A3336 /* AppDelegate.swift */,
				9D53766C1E6626A0006A3336 /* Main.storyboard */,
				9D53766F1E6626A0006A3336 /* Assets.xcassets */,
				9D5376711E6626A0006A3336 /* LaunchScreen.storyboard */,
				9D5376741E6626A0006A3336 /* Info.plist */,
				9D53767A1E6626B7006A3336 /* TableViewController.swift */,
				9D5376A31E6E0FF5006A3336 /* ImageViewController.swift */,
			);
			path = "Animating Details with Peek and Pop";
			sourceTree = "<group>";
		};
/* End PBXGroup section */

/* Begin PBXNativeTarget section */
		9D5376641E6626A0006A3336 /* Animating Details with Peek and Pop */ = {
			isa = PBXNativeTarget;
			buildConfigurationList = 9D5376771E6626A0006A3336 /* Build configuration list for PBXNativeTarget "Animating Details with Peek and Pop" */;
			buildPhases = (
				9D5376611E6626A0006A3336 /* Sources */,
				9D5376621E6626A0006A3336 /* Frameworks */,
				9D5376631E6626A0006A3336 /* Resources */,
			);
			buildRules = (
			);
			dependencies = (
			);
			name = "Animating Details with Peek and Pop";
			productName = "Animating Details with Peek and Pop";
			productReference = 9D5376651E6626A0006A3336 /* Animating Details with Peek and Pop.app */;
			productType = "com.apple.product-type.application";
		};
/* End PBXNativeTarget section */

/* Begin PBXProject section */
		9D53765D1E6626A0006A3336 /* Project object */ = {
			isa = PBXProject;
			attributes = {
				LastSwiftUpdateCheck = 0820;
				LastUpgradeCheck = 0820;
				ORGANIZATIONNAME = "Pixolity Ltd.";
				TargetAttributes = {
					9D5376641E6626A0006A3336 = {
						CreatedOnToolsVersion = 8.2.1;
						DevelopmentTeam = YQUP82U35C;
						ProvisioningStyle = Automatic;
					};
				};
			};
			buildConfigurationList = 9D5376601E6626A0006A3336 /* Build configuration list for PBXProject "Animating Details with Peek and Pop" */;
			compatibilityVersion = "Xcode 3.2";
			developmentRegion = English;
			hasScannedForEncodings = 0;
			knownRegions = (
				en,
				Base,
			);
			mainGroup = 9D53765C1E6626A0006A3336;
			productRefGroup = 9D5376661E6626A0006A3336 /* Products */;
			projectDirPath = "";
			projectRoot = "";
			targets = (
				9D5376641E6626A0006A3336 /* Animating Details with Peek and Pop */,
			);
		};
/* End PBXProject section */

/* Begin PBXResourcesBuildPhase section */
		9D5376631E6626A0006A3336 /* Resources */ = {
			isa = PBXResourcesBuildPhase;
			buildActionMask = 2147483647;
			files = (
				9D5376731E6626A0006A3336 /* LaunchScreen.storyboard in Resources */,
				9D5376701E6626A0006A3336 /* Assets.xcassets in Resources */,
				9D5376A21E6E0DE0006A3336 /* swift.png in Resources */,
				9D5376A01E6E0DDA006A3336 /* apple.png in Resources */,
				9D53766E1E6626A0006A3336 /* Main.storyboard in Resources */,
			);
			runOnlyForDeploymentPostprocessing = 0;
		};
/* End PBXResourcesBuildPhase section */

/* Begin PBXSourcesBuildPhase section */
		9D5376611E6626A0006A3336 /* Sources */ = {
			isa = PBXSourcesBuildPhase;
			buildActionMask = 2147483647;
			files = (
				9D5376691E6626A0006A3336 /* AppDelegate.swift in Sources */,
				9D5376A41E6E0FF5006A3336 /* ImageViewController.swift in Sources */,
				9D53767B1E6626B7006A3336 /* TableViewController.swift in Sources */,
			);
			runOnlyForDeploymentPostprocessing = 0;
		};
/* End PBXSourcesBuildPhase section */

/* Begin PBXVariantGroup section */
		9D53766C1E6626A0006A3336 /* Main.storyboard */ = {
			isa = PBXVariantGroup;
			children = (
				9D53766D1E6626A0006A3336 /* Base */,
			);
			name = Main.storyboard;
			sourceTree = "<group>";
		};
		9D5376711E6626A0006A3336 /* LaunchScreen.storyboard */ = {
			isa = PBXVariantGroup;
			children = (
				9D5376721E6626A0006A3336 /* Base */,
			);
			name = LaunchScreen.storyboard;
			sourceTree = "<group>";
		};
/* End PBXVariantGroup section */

/* Begin XCBuildConfiguration section */
		9D5376751E6626A0006A3336 /* Debug */ = {
			isa = XCBuildConfiguration;
			buildSettings = {
				ALWAYS_SEARCH_USER_PATHS = NO;
				CLANG_ANALYZER_NONNULL = YES;
				CLANG_CXX_LANGUAGE_STANDARD = "gnu++0x";
				CLANG_CXX_LIBRARY = "libc++";
				CLANG_ENABLE_MODULES = YES;
				CLANG_ENABLE_OBJC_ARC = YES;
				CLANG_WARN_BOOL_CONVERSION = YES;
				CLANG_WARN_CONSTANT_CONVERSION = YES;
				CLANG_WARN_DIRECT_OBJC_ISA_USAGE = YES_ERROR;
				CLANG_WARN_DOCUMENTATION_COMMENTS = YES;
				CLANG_WARN_EMPTY_BODY = YES;
				CLANG_WARN_ENUM_CONVERSION = YES;
				CLANG_WARN_INFINITE_RECURSION = YES;
				CLANG_WARN_INT_CONVERSION = YES;
				CLANG_WARN_OBJC_ROOT_CLASS = YES_ERROR;
				CLANG_WARN_SUSPICIOUS_MOVE = YES;
				CLANG_WARN_UNREACHABLE_CODE = YES;
				CLANG_WARN__DUPLICATE_METHOD_MATCH = YES;
				"CODE_SIGN_IDENTITY[sdk=iphoneos*]" = "iPhone Developer";
				COPY_PHASE_STRIP = NO;
				DEBUG_INFORMATION_FORMAT = dwarf;
				ENABLE_STRICT_OBJC_MSGSEND = YES;
				ENABLE_TESTABILITY = YES;
				GCC_C_LANGUAGE_STANDARD = gnu99;
				GCC_DYNAMIC_NO_PIC = NO;
				GCC_NO_COMMON_BLOCKS = YES;
				GCC_OPTIMIZATION_LEVEL = 0;
				GCC_PREPROCESSOR_DEFINITIONS = (
					"DEBUG=1",
					"$(inherited)",
				);
				GCC_WARN_64_TO_32_BIT_CONVERSION = YES;
				GCC_WARN_ABOUT_RETURN_TYPE = YES_ERROR;
				GCC_WARN_UNDECLARED_SELECTOR = YES;
				GCC_WARN_UNINITIALIZED_AUTOS = YES_AGGRESSIVE;
				GCC_WARN_UNUSED_FUNCTION = YES;
				GCC_WARN_UNUSED_VARIABLE = YES;
				IPHONEOS_DEPLOYMENT_TARGET = 10.2;
				MTL_ENABLE_DEBUG_INFO = YES;
				ONLY_ACTIVE_ARCH = YES;
				SDKROOT = iphoneos;
				SWIFT_ACTIVE_COMPILATION_CONDITIONS = DEBUG;
				SWIFT_OPTIMIZATION_LEVEL = "-Onone";
				TARGETED_DEVICE_FAMILY = "1,2";
			};
			name = Debug;
		};
		9D5376761E6626A0006A3336 /* Release */ = {
			isa = XCBuildConfiguration;
			buildSettings = {
				ALWAYS_SEARCH_USER_PATHS = NO;
				CLANG_ANALYZER_NONNULL = YES;
				CLANG_CXX_LANGUAGE_STANDARD = "gnu++0x";
				CLANG_CXX_LIBRARY = "libc++";
				CLANG_ENABLE_MODULES = YES;
				CLANG_ENABLE_OBJC_ARC = YES;
				CLANG_WARN_BOOL_CONVERSION = YES;
				CLANG_WARN_CONSTANT_CONVERSION = YES;
				CLANG_WARN_DIRECT_OBJC_ISA_USAGE = YES_ERROR;
				CLANG_WARN_DOCUMENTATION_COMMENTS = YES;
				CLANG_WARN_EMPTY_BODY = YES;
				CLANG_WARN_ENUM_CONVERSION = YES;
				CLANG_WARN_INFINITE_RECURSION = YES;
				CLANG_WARN_INT_CONVERSION = YES;
				CLANG_WARN_OBJC_ROOT_CLASS = YES_ERROR;
				CLANG_WARN_SUSPICIOUS_MOVE = YES;
				CLANG_WARN_UNREACHABLE_CODE = YES;
				CLANG_WARN__DUPLICATE_METHOD_MATCH = YES;
				"CODE_SIGN_IDENTITY[sdk=iphoneos*]" = "iPhone Developer";
				COPY_PHASE_STRIP = NO;
				DEBUG_INFORMATION_FORMAT = "dwarf-with-dsym";
				ENABLE_NS_ASSERTIONS = NO;
				ENABLE_STRICT_OBJC_MSGSEND = YES;
				GCC_C_LANGUAGE_STANDARD = gnu99;
				GCC_NO_COMMON_BLOCKS = YES;
				GCC_WARN_64_TO_32_BIT_CONVERSION = YES;
				GCC_WARN_ABOUT_RETURN_TYPE = YES_ERROR;
				GCC_WARN_UNDECLARED_SELECTOR = YES;
				GCC_WARN_UNINITIALIZED_AUTOS = YES_AGGRESSIVE;
				GCC_WARN_UNUSED_FUNCTION = YES;
				GCC_WARN_UNUSED_VARIABLE = YES;
				IPHONEOS_DEPLOYMENT_TARGET = 10.2;
				MTL_ENABLE_DEBUG_INFO = NO;
				SDKROOT = iphoneos;
				SWIFT_OPTIMIZATION_LEVEL = "-Owholemodule";
				TARGETED_DEVICE_FAMILY = "1,2";
				VALIDATE_PRODUCT = YES;
			};
			name = Release;
		};
		9D5376781E6626A0006A3336 /* Debug */ = {
			isa = XCBuildConfiguration;
			buildSettings = {
				ASSETCATALOG_COMPILER_APPICON_NAME = AppIcon;
				DEVELOPMENT_TEAM = YQUP82U35C;
				INFOPLIST_FILE = "Animating Details with Peek and Pop/Info.plist";
				LD_RUNPATH_SEARCH_PATHS = "$(inherited) @executable_path/Frameworks";
				PRODUCT_BUNDLE_IDENTIFIER = "com.pixolity.ios.Animating-Details-with-Peek-and-Pop";
				PRODUCT_NAME = "$(TARGET_NAME)";
				SWIFT_VERSION = 3.0;
			};
			name = Debug;
		};
		9D5376791E6626A0006A3336 /* Release */ = {
			isa = XCBuildConfiguration;
			buildSettings = {
				ASSETCATALOG_COMPILER_APPICON_NAME = AppIcon;
				DEVELOPMENT_TEAM = YQUP82U35C;
				INFOPLIST_FILE = "Animating Details with Peek and Pop/Info.plist";
				LD_RUNPATH_SEARCH_PATHS = "$(inherited) @executable_path/Frameworks";
				PRODUCT_BUNDLE_IDENTIFIER = "com.pixolity.ios.Animating-Details-with-Peek-and-Pop";
				PRODUCT_NAME = "$(TARGET_NAME)";
				SWIFT_VERSION = 3.0;
			};
			name = Release;
		};
/* End XCBuildConfiguration section */

/* Begin XCConfigurationList section */
		9D5376601E6626A0006A3336 /* Build configuration list for PBXProject "Animating Details with Peek and Pop" */ = {
			isa = XCConfigurationList;
			buildConfigurations = (
				9D5376751E6626A0006A3336 /* Debug */,
				9D5376761E6626A0006A3336 /* Release */,
			);
			defaultConfigurationIsVisible = 0;
			defaultConfigurationName = Release;
		};
		9D5376771E6626A0006A3336 /* Build configuration list for PBXNativeTarget "Animating Details with Peek and Pop" */ = {
			isa = XCConfigurationList;
			buildConfigurations = (
				9D5376781E6626A0006A3336 /* Debug */,
				9D5376791E6626A0006A3336 /* Release */,
			);
			defaultConfigurationIsVisible = 0;
			defaultConfigurationName = Release;
		};
/* End XCConfigurationList section */
	};
	rootObject = 9D53765D1E6626A0006A3336 /* Project object */;
}
