// !$*UTF8*$!
{
	archiveVersion = 1;
	classes = {
	};
	objectVersion = 48;
	objects = {

/* Begin PBXBuildFile section */
		9DCA3C791F17F95100DCABB4 /* AppDelegate.swift in Sources */ = {isa = PBXBuildFile; fileRef = 9DCA3C781F17F95100DCABB4 /* AppDelegate.swift */; };
		9DCA3C7B1F17F95100DCABB4 /* ViewController.swift in Sources */ = {isa = PBXBuildFile; fileRef = 9DCA3C7A1F17F95100DCABB4 /* ViewController.swift */; };
		9DCA3C7E1F17F95100DCABB4 /* Main.storyboard in Resources */ = {isa = PBXBuildFile; fileRef = 9DCA3C7C1F17F95100DCABB4 /* Main.storyboard */; };
		9DCA3C801F17F95100DCABB4 /* Assets.xcassets in Resources */ = {isa = PBXBuildFile; fileRef = 9DCA3C7F1F17F95100DCABB4 /* Assets.xcassets */; };
		9DCA3C831F17F95100DCABB4 /* LaunchScreen.storyboard in Resources */ = {isa = PBXBuildFile; fileRef = 9DCA3C811F17F95100DCABB4 /* LaunchScreen.storyboard */; };
/* End PBXBuildFile section */

/* Begin PBXFileReference section */
		9DCA3C751F17F95100DCABB4 /* Supporting Password Autofill with iCloud Keychain.app */ = {isa = PBXFileReference; explicitFileType = wrapper.application; includeInIndex = 0; path = "Supporting Password Autofill with iCloud Keychain.app"; sourceTree = BUILT_PRODUCTS_DIR; };
		9DCA3C781F17F95100DCABB4 /* AppDelegate.swift */ = {isa = PBXFileReference; lastKnownFileType = sourcecode.swift; path = AppDelegate.swift; sourceTree = "<group>"; };
		9DCA3C7A1F17F95100DCABB4 /* ViewController.swift */ = {isa = PBXFileReference; lastKnownFileType = sourcecode.swift; path = ViewController.swift; sourceTree = "<group>"; };
		9DCA3C7D1F17F95100DCABB4 /* Base */ = {isa = PBXFileReference; lastKnownFileType = file.storyboard; name = Base; path = Base.lproj/Main.storyboard; sourceTree = "<group>"; };
		9DCA3C7F1F17F95100DCABB4 /* Assets.xcassets */ = {isa = PBXFileReference; lastKnownFileType = folder.assetcatalog; path = Assets.xcassets; sourceTree = "<group>"; };
		9DCA3C821F17F95100DCABB4 /* Base */ = {isa = PBXFileReference; lastKnownFileType = file.storyboard; name = Base; path = Base.lproj/LaunchScreen.storyboard; sourceTree = "<group>"; };
		9DCA3C841F17F95100DCABB4 /* Info.plist */ = {isa = PBXFileReference; lastKnownFileType = text.plist.xml; path = Info.plist; sourceTree = "<group>"; };
		9DCA3C8A1F17FC8100DCABB4 /* Supporting Password Autofill with iCloud Keychain.entitlements */ = {isa = PBXFileReference; lastKnownFileType = text.plist.entitlements; path = "Supporting Password Autofill with iCloud Keychain.entitlements"; sourceTree = "<group>"; };
/* End PBXFileReference section */

/* Begin PBXFrameworksBuildPhase section */
		9DCA3C721F17F95100DCABB4 /* Frameworks */ = {
			isa = PBXFrameworksBuildPhase;
			buildActionMask = 2147483647;
			files = (
			);
			runOnlyForDeploymentPostprocessing = 0;
		};
/* End PBXFrameworksBuildPhase section */

/* Begin PBXGroup section */
		9DCA3C6C1F17F95100DCABB4 = {
			isa = PBXGroup;
			children = (
				9DCA3C771F17F95100DCABB4 /* Supporting Password Autofill with iCloud Keychain */,
				9DCA3C761F17F95100DCABB4 /* Products */,
			);
			sourceTree = "<group>";
		};
		9DCA3C761F17F95100DCABB4 /* Products */ = {
			isa = PBXGroup;
			children = (
				9DCA3C751F17F95100DCABB4 /* Supporting Password Autofill with iCloud Keychain.app */,
			);
			name = Products;
			sourceTree = "<group>";
		};
		9DCA3C771F17F95100DCABB4 /* Supporting Password Autofill with iCloud Keychain */ = {
			isa = PBXGroup;
			children = (
				9DCA3C8A1F17FC8100DCABB4 /* Supporting Password Autofill with iCloud Keychain.entitlements */,
				9DCA3C781F17F95100DCABB4 /* AppDelegate.swift */,
				9DCA3C7A1F17F95100DCABB4 /* ViewController.swift */,
				9DCA3C7C1F17F95100DCABB4 /* Main.storyboard */,
				9DCA3C7F1F17F95100DCABB4 /* Assets.xcassets */,
				9DCA3C811F17F95100DCABB4 /* LaunchScreen.storyboard */,
				9DCA3C841F17F95100DCABB4 /* Info.plist */,
			);
			path = "Supporting Password Autofill with iCloud Keychain";
			sourceTree = "<group>";
		};
/* End PBXGroup section */

/* Begin PBXNativeTarget section */
		9DCA3C741F17F95100DCABB4 /* Supporting Password Autofill with iCloud Keychain */ = {
			isa = PBXNativeTarget;
			buildConfigurationList = 9DCA3C871F17F95100DCABB4 /* Build configuration list for PBXNativeTarget "Supporting Password Autofill with iCloud Keychain" */;
			buildPhases = (
				9DCA3C711F17F95100DCABB4 /* Sources */,
				9DCA3C721F17F95100DCABB4 /* Frameworks */,
				9DCA3C731F17F95100DCABB4 /* Resources */,
			);
			buildRules = (
			);
			dependencies = (
			);
			name = "Supporting Password Autofill with iCloud Keychain";
			productName = "Supporting Password Autofill with iCloud Keychain";
			productReference = 9DCA3C751F17F95100DCABB4 /* Supporting Password Autofill with iCloud Keychain.app */;
			productType = "com.apple.product-type.application";
		};
/* End PBXNativeTarget section */

/* Begin PBXProject section */
		9DCA3C6D1F17F95100DCABB4 /* Project object */ = {
			isa = PBXProject;
			attributes = {
				LastSwiftUpdateCheck = 0900;
				LastUpgradeCheck = 0900;
				ORGANIZATIONNAME = "Pixolity Ltd.";
				TargetAttributes = {
					9DCA3C741F17F95100DCABB4 = {
						CreatedOnToolsVersion = 9.0;
						SystemCapabilities = {
							com.apple.SafariKeychain = {
								enabled = 1;
							};
						};
					};
				};
			};
			buildConfigurationList = 9DCA3C701F17F95100DCABB4 /* Build configuration list for PBXProject "Supporting Password Autofill with iCloud Keychain" */;
			compatibilityVersion = "Xcode 8.0";
			developmentRegion = en;
			hasScannedForEncodings = 0;
			knownRegions = (
				en,
				Base,
			);
			mainGroup = 9DCA3C6C1F17F95100DCABB4;
			productRefGroup = 9DCA3C761F17F95100DCABB4 /* Products */;
			projectDirPath = "";
			projectRoot = "";
			targets = (
				9DCA3C741F17F95100DCABB4 /* Supporting Password Autofill with iCloud Keychain */,
			);
		};
/* End PBXProject section */

/* Begin PBXResourcesBuildPhase section */
		9DCA3C731F17F95100DCABB4 /* Resources */ = {
			isa = PBXResourcesBuildPhase;
			buildActionMask = 2147483647;
			files = (
				9DCA3C831F17F95100DCABB4 /* LaunchScreen.storyboard in Resources */,
				9DCA3C801F17F95100DCABB4 /* Assets.xcassets in Resources */,
				9DCA3C7E1F17F95100DCABB4 /* Main.storyboard in Resources */,
			);
			runOnlyForDeploymentPostprocessing = 0;
		};
/* End PBXResourcesBuildPhase section */

/* Begin PBXSourcesBuildPhase section */
		9DCA3C711F17F95100DCABB4 /* Sources */ = {
			isa = PBXSourcesBuildPhase;
			buildActionMask = 2147483647;
			files = (
				9DCA3C7B1F17F95100DCABB4 /* ViewController.swift in Sources */,
				9DCA3C791F17F95100DCABB4 /* AppDelegate.swift in Sources */,
			);
			runOnlyForDeploymentPostprocessing = 0;
		};
/* End PBXSourcesBuildPhase section */

/* Begin PBXVariantGroup section */
		9DCA3C7C1F17F95100DCABB4 /* Main.storyboard */ = {
			isa = PBXVariantGroup;
			children = (
				9DCA3C7D1F17F95100DCABB4 /* Base */,
			);
			name = Main.storyboard;
			sourceTree = "<group>";
		};
		9DCA3C811F17F95100DCABB4 /* LaunchScreen.storyboard */ = {
			isa = PBXVariantGroup;
			children = (
				9DCA3C821F17F95100DCABB4 /* Base */,
			);
			name = LaunchScreen.storyboard;
			sourceTree = "<group>";
		};
/* End PBXVariantGroup section */

/* Begin XCBuildConfiguration section */
		9DCA3C851F17F95100DCABB4 /* Debug */ = {
			isa = XCBuildConfiguration;
			buildSettings = {
				ALWAYS_SEARCH_USER_PATHS = NO;
				CLANG_ANALYZER_NONNULL = YES;
				CLANG_ANALYZER_NUMBER_OBJECT_CONVERSION = YES_AGGRESSIVE;
				CLANG_CXX_LANGUAGE_STANDARD = "gnu++14";
				CLANG_CXX_LIBRARY = "libc++";
				CLANG_ENABLE_MODULES = YES;
				CLANG_ENABLE_OBJC_ARC = YES;
				CLANG_WARN_BLOCK_CAPTURE_AUTORELEASING = YES;
				CLANG_WARN_BOOL_CONVERSION = YES;
				CLANG_WARN_COMMA = YES;
				CLANG_WARN_CONSTANT_CONVERSION = YES;
				CLANG_WARN_DIRECT_OBJC_ISA_USAGE = YES_ERROR;
				CLANG_WARN_DOCUMENTATION_COMMENTS = YES;
				CLANG_WARN_EMPTY_BODY = YES;
				CLANG_WARN_ENUM_CONVERSION = YES;
				CLANG_WARN_INFINITE_RECURSION = YES;
				CLANG_WARN_INT_CONVERSION = YES;
				CLANG_WARN_OBJC_ROOT_CLASS = YES_ERROR;
				CLANG_WARN_RANGE_LOOP_ANALYSIS = YES;
				CLANG_WARN_STRICT_PROTOTYPES = YES;
				CLANG_WARN_SUSPICIOUS_MOVE = YES;
				CLANG_WARN_UNGUARDED_AVAILABILITY = YES_AGGRESSIVE;
				CLANG_WARN_UNREACHABLE_CODE = YES;
				CLANG_WARN__DUPLICATE_METHOD_MATCH = YES;
				CODE_SIGN_IDENTITY = "iPhone Developer";
				COPY_PHASE_STRIP = NO;
				DEBUG_INFORMATION_FORMAT = dwarf;
				ENABLE_STRICT_OBJC_MSGSEND = YES;
				ENABLE_TESTABILITY = YES;
				GCC_C_LANGUAGE_STANDARD = gnu11;
				GCC_DYNAMIC_NO_PIC = NO;
				GCC_NO_COMMON_BLOCKS = YES;
				GCC_OPTIMIZATION_LEVEL = 0;
				GCC_PREPROCESSOR_DEFINITIONS = (
					"DEBUG=1",
					"$(inherited)",
				);
				GCC_WARN_64_TO_32_BIT_CONVERSION = YES;
				GCC_WARN_ABOUT_RETURN_TYPE = YES_ERROR;
				GCC_WARN_UNDECLARED_SELECTOR = YES;
				GCC_WARN_UNINITIALIZED_AUTOS = YES_AGGRESSIVE;
				GCC_WARN_UNUSED_FUNCTION = YES;
				GCC_WARN_UNUSED_VARIABLE = YES;
				IPHONEOS_DEPLOYMENT_TARGET = 11.0;
				MTL_ENABLE_DEBUG_INFO = YES;
				ONLY_ACTIVE_ARCH = YES;
				SDKROOT = iphoneos;
				SWIFT_ACTIVE_COMPILATION_CONDITIONS = DEBUG;
				SWIFT_OPTIMIZATION_LEVEL = "-Onone";
			};
			name = Debug;
		};
		9DCA3C861F17F95100DCABB4 /* Release */ = {
			isa = XCBuildConfiguration;
			buildSettings = {
				ALWAYS_SEARCH_USER_PATHS = NO;
				CLANG_ANALYZER_NONNULL = YES;
				CLANG_ANALYZER_NUMBER_OBJECT_CONVERSION = YES_AGGRESSIVE;
				CLANG_CXX_LANGUAGE_STANDARD = "gnu++14";
				CLANG_CXX_LIBRARY = "libc++";
				CLANG_ENABLE_MODULES = YES;
				CLANG_ENABLE_OBJC_ARC = YES;
				CLANG_WARN_BLOCK_CAPTURE_AUTORELEASING = YES;
				CLANG_WARN_BOOL_CONVERSION = YES;
				CLANG_WARN_COMMA = YES;
				CLANG_WARN_CONSTANT_CONVERSION = YES;
				CLANG_WARN_DIRECT_OBJC_ISA_USAGE = YES_ERROR;
				CLANG_WARN_DOCUMENTATION_COMMENTS = YES;
				CLANG_WARN_EMPTY_BODY = YES;
				CLANG_WARN_ENUM_CONVERSION = YES;
				CLANG_WARN_INFINITE_RECURSION = YES;
				CLANG_WARN_INT_CONVERSION = YES;
				CLANG_WARN_OBJC_ROOT_CLASS = YES_ERROR;
				CLANG_WARN_RANGE_LOOP_ANALYSIS = YES;
				CLANG_WARN_STRICT_PROTOTYPES = YES;
				CLANG_WARN_SUSPICIOUS_MOVE = YES;
				CLANG_WARN_UNGUARDED_AVAILABILITY = YES_AGGRESSIVE;
				CLANG_WARN_UNREACHABLE_CODE = YES;
				CLANG_WARN__DUPLICATE_METHOD_MATCH = YES;
				CODE_SIGN_IDENTITY = "iPhone Developer";
				COPY_PHASE_STRIP = NO;
				DEBUG_INFORMATION_FORMAT = "dwarf-with-dsym";
				ENABLE_NS_ASSERTIONS = NO;
				ENABLE_STRICT_OBJC_MSGSEND = YES;
				GCC_C_LANGUAGE_STANDARD = gnu11;
				GCC_NO_COMMON_BLOCKS = YES;
				GCC_WARN_64_TO_32_BIT_CONVERSION = YES;
				GCC_WARN_ABOUT_RETURN_TYPE = YES_ERROR;
				GCC_WARN_UNDECLARED_SELECTOR = YES;
				GCC_WARN_UNINITIALIZED_AUTOS = YES_AGGRESSIVE;
				GCC_WARN_UNUSED_FUNCTION = YES;
				GCC_WARN_UNUSED_VARIABLE = YES;
				IPHONEOS_DEPLOYMENT_TARGET = 11.0;
				MTL_ENABLE_DEBUG_INFO = NO;
				SDKROOT = iphoneos;
				SWIFT_OPTIMIZATION_LEVEL = "-Owholemodule";
				VALIDATE_PRODUCT = YES;
			};
			name = Release;
		};
		9DCA3C881F17F95100DCABB4 /* Debug */ = {
			isa = XCBuildConfiguration;
			buildSettings = {
				ASSETCATALOG_COMPILER_APPICON_NAME = AppIcon;
				CODE_SIGN_ENTITLEMENTS = "Supporting Password Autofill with iCloud Keychain/Supporting Password Autofill with iCloud Keychain.entitlements";
				DEVELOPMENT_TEAM = YQUP82U35C;
				INFOPLIST_FILE = "Supporting Password Autofill with iCloud Keychain/Info.plist";
				LD_RUNPATH_SEARCH_PATHS = "$(inherited) @executable_path/Frameworks";
				PRODUCT_BUNDLE_IDENTIFIER = "com.pixolity.ios.Supporting-Password-Autofill-with-iCloud-Keychain";
				PRODUCT_NAME = "$(TARGET_NAME)";
				SWIFT_VERSION = 4.0;
				TARGETED_DEVICE_FAMILY = "1,2";
			};
			name = Debug;
		};
		9DCA3C891F17F95100DCABB4 /* Release */ = {
			isa = XCBuildConfiguration;
			buildSettings = {
				ASSETCATALOG_COMPILER_APPICON_NAME = AppIcon;
				CODE_SIGN_ENTITLEMENTS = "Supporting Password Autofill with iCloud Keychain/Supporting Password Autofill with iCloud Keychain.entitlements";
				DEVELOPMENT_TEAM = YQUP82U35C;
				INFOPLIST_FILE = "Supporting Password Autofill with iCloud Keychain/Info.plist";
				LD_RUNPATH_SEARCH_PATHS = "$(inherited) @executable_path/Frameworks";
				PRODUCT_BUNDLE_IDENTIFIER = "com.pixolity.ios.Supporting-Password-Autofill-with-iCloud-Keychain";
				PRODUCT_NAME = "$(TARGET_NAME)";
				SWIFT_VERSION = 4.0;
				TARGETED_DEVICE_FAMILY = "1,2";
			};
			name = Release;
		};
/* End XCBuildConfiguration section */

/* Begin XCConfigurationList section */
		9DCA3C701F17F95100DCABB4 /* Build configuration list for PBXProject "Supporting Password Autofill with iCloud Keychain" */ = {
			isa = XCConfigurationList;
			buildConfigurations = (
				9DCA3C851F17F95100DCABB4 /* Debug */,
				9DCA3C861F17F95100DCABB4 /* Release */,
			);
			defaultConfigurationIsVisible = 0;
			defaultConfigurationName = Release;
		};
		9DCA3C871F17F95100DCABB4 /* Build configuration list for PBXNativeTarget "Supporting Password Autofill with iCloud Keychain" */ = {
			isa = XCConfigurationList;
			buildConfigurations = (
				9DCA3C881F17F95100DCABB4 /* Debug */,
				9DCA3C891F17F95100DCABB4 /* Release */,
			);
			defaultConfigurationIsVisible = 0;
		};
/* End XCConfigurationList section */
	};
	rootObject = 9DCA3C6D1F17F95100DCABB4 /* Project object */;
}
